lockfileVersion: '9.0'

settings:
  autoInstallPeers: true
  excludeLinksFromLockfile: false

importers:

  .:
    dependencies:
      conf-cfg-ini:
        specifier: ^1.2.3
        version: 1.2.3
    devDependencies:
      typescript:
        specifier: ^5.5.2
        version: 5.5.2

packages:

  conf-cfg-ini@1.2.3:
    resolution: {integrity: sha512-/hJTYLRt25ZJt6FHHZiFDCAQ97yeB/aPWEMiScQs8A61O0V/1YdPq1tYvj9y6iHX/HC6z+7uMzwJZFPOCTVm8A==}

  typescript@5.5.2:
    resolution: {integrity: sha512-NcRtPEOsPFFWjobJEtfihkLCZCXZt/os3zf8nTxjVH3RvTSxjrCamJpbExGvYOF+tFHc3pA65qpdwPbzjohhew==}
    engines: {node: '>=14.17'}
    hasBin: true

snapshots:

  conf-cfg-ini@1.2.3: {}

  typescript@5.5.2: {}
